<?xml version="1.0" encoding="utf-8"?>
<Project ToolsVersion="4.0" xmlns="http://schemas.microsoft.com/developer/msbuild/2003">
  <ItemGroup>
    <ClCompile Include="App.cpp" />
    <ClCompile Include="Input.cpp" />
    <ClCompile Include="main.cpp" />
    <ClCompile Include="PlayScene.cpp" />
    <ClCompile Include="ResultScene.cpp" />
    <ClCompile Include="SceneManager.cpp" />
    <ClCompile Include="Sound.cpp" />
    <ClCompile Include="TimeCount.cpp" />
    <ClCompile Include="TitleScene.cpp" />
    <ClCompile Include="StopWatch.cpp" />
    <ClCompile Include="GameStateBase.cpp" />
    <ClCompile Include="GameStateTitle.cpp" />
    <ClCompile Include="GameStates.cpp" />
    <ClCompile Include="GameStateMachine.cpp" />
    <ClCompile Include="GameStateStartCountDown.cpp" />
    <ClCompile Include="GameStatePlayerRound.cpp" />
    <ClCompile Include="GameStateSharkShoot.cpp" />
    <ClCompile Include="GameStateSharkFly.cpp" />
    <ClCompile Include="GameStateResult.cpp" />
    <ClCompile Include="GameStateSharkLandsOnWater.cpp" />
    <ClCompile Include="Map.cpp" />
    <ClCompile Include="Star.cpp" />
  </ItemGroup>
  <ItemGroup>
    <ClInclude Include="App.h" />
    <ClInclude Include="Common.h" />
    <ClInclude Include="Input.h" />
    <ClInclude Include="PlayScene.h" />
    <ClInclude Include="ResultScene.h" />
    <ClInclude Include="Scene.h" />
    <ClInclude Include="SceneManager.h" />
    <ClInclude Include="Sound.h" />
    <ClInclude Include="TimeCount.h" />
    <ClInclude Include="TitleScene.h" />
    <ClInclude Include="StopWatch.h" />
    <ClInclude Include="GameStateBase.h" />
    <ClInclude Include="GameStateTitle.h" />
    <ClInclude Include="GameStateType.h" />
    <ClInclude Include="GameStates.h" />
    <ClInclude Include="GameStateMachine.h" />
    <ClInclude Include="GameStateStartCountDown.h" />
    <ClInclude Include="GameStatePlayerRound.h" />
    <ClInclude Include="GameStateSharkShoot.h" />
    <ClInclude Include="GameStateSharkFly.h" />
    <ClInclude Include="GameStateResult.h" />
    <ClInclude Include="GameStateSharkLandsOnWater.h" />
    <ClInclude Include="Map.h" />
    <ClInclude Include="Star.h" />
  </ItemGroup>
</Project>